
Microsoft Visual Studio Solution File, Format Version 12.00
# Visual Studio Version 17
VisualStudioVersion = 17.7.34221.43
MinimumVisualStudioVersion = 10.0.40219.1
Project("{FAE04EC0-301F-11D3-BF4B-00C04F79EFBC}") = "HuGourmet", "HuGourmet\HuGourmet.csproj", "{4C122D43-A442-4878-8489-E184230E33CE}"
EndProject
Global
	GlobalSection(SolutionConfigurationPlatforms) = preSolution
		Debug|Any CPU = Debug|Any CPU
		Release|Any CPU = Release|Any CPU
	EndGlobalSection
	GlobalSection(ProjectConfigurationPlatforms) = postSolution
		{4C122D43-A442-4878-8489-E184230E33CE}.Debug|Any CPU.ActiveCfg = Debug|Any CPU
		{4C122D43-A442-4878-8489-E184230E33CE}.Debug|Any CPU.Build.0 = Debug|Any CPU
		{4C122D43-A442-4878-8489-E184230E33CE}.Release|Any CPU.ActiveCfg = Release|Any CPU
		{4C122D43-A442-4878-8489-E184230E33CE}.Release|Any CPU.Build.0 = Release|Any CPU
	EndGlobalSection
	GlobalSection(SolutionProperties) = preSolution
		HideSolutionNode = FALSE
	EndGlobalSection
	GlobalSection(ExtensibilityGlobals) = postSolution
		SolutionGuid = {C87A9753-DE2D-4636-8659-FBA526B3866D}
	EndGlobalSection
EndGlobal
